{
  "version": 4,
  "terraform_version": "0.12.5",
  "serial": 15,
  "lineage": "f0b01dc3-5fdd-37b5-fb04-1b02c9aa54d2",
  "outputs": {},
  "resources": [
    {
      "mode": "managed",
      "type": "packet_device",
      "name": "test-gns3",
      "provider": "provider.packet",
      "instances": [
        {
          "schema_version": 0,
          "attributes": {
            "access_private_ipv4": "10.100.54.5",
            "access_public_ipv4": "147.75.197.111",
            "access_public_ipv6": "2604:1380:0:7c00::5",
            "always_pxe": false,
            "billing_cycle": "hourly",
            "created": "2019-08-05T22:44:02Z",
            "deployed_facility": "ewr1",
            "description": null,
            "facilities": [
              "ewr1"
            ],
            "facility": null,
            "hardware_reservation_id": null,
            "hostname": "test-gns3",
            "id": "12fd8006-8043-4d37-a403-07f7f67b6b4b",
            "ip_address_types": null,
            "ipxe_script_url": "",
            "locked": false,
            "network": [
              {
                "address": "147.75.197.111",
                "cidr": 31,
                "family": 4,
                "gateway": "147.75.197.110",
                "public": true
              },
              {
                "address": "2604:1380:0:7c00::5",
                "cidr": 127,
                "family": 6,
                "gateway": "2604:1380:0:7c00::4",
                "public": true
              },
              {
                "address": "10.100.54.5",
                "cidr": 31,
                "family": 4,
                "gateway": "10.100.54.4",
                "public": false
              }
            ],
            "network_type": "layer3",
            "operating_system": "ubuntu_18_04",
            "plan": "c1.small.x86",
            "ports": [
              {
                "bonded": true,
                "id": "bc073d95-4cb0-4523-b310-297fa49d5915",
                "mac": "",
                "name": "bond0",
                "type": "NetworkBondPort"
              },
              {
                "bonded": true,
                "id": "78a204bc-8d9e-440d-8dae-d0a5d4295840",
                "mac": "ac:1f:6b:92:d5:50",
                "name": "eth0",
                "type": "NetworkPort"
              },
              {
                "bonded": true,
                "id": "7dd53c31-209f-4fae-b209-b7c3b2b29e37",
                "mac": "ac:1f:6b:92:d5:51",
                "name": "eth1",
                "type": "NetworkPort"
              }
            ],
            "project_id": "e3123b01-0047-48ef-989e-c34a7bb6b9c3",
            "project_ssh_key_ids": null,
            "public_ipv4_subnet_size": 31,
            "root_password": "A[b5B]5w6(",
            "ssh_key_ids": [
              "769876a3-6f69-4ef4-8c3a-0e8aeab105d4",
              "6d76d006-8677-4db3-b195-ee6d0cda0ab4",
              "f4f9769f-6a1a-4221-a332-4a87cbe632a8",
              "3bb107ec-915c-4a06-8fc3-f528e8e61696",
              "86d721a8-d554-4962-9bcd-f83407da2d22",
              "8bdf08fe-bee1-4918-beb6-c7d333153a44",
              "f56c6aea-2e18-40a3-b128-e4d9de8814b1",
              "f46fd31f-f1d6-4a15-9e6a-f0ae469d8abc",
              "7be00494-83c2-4169-85c8-56197b719c32",
              "24f8c912-62a8-4b60-8f91-c85ab1396575",
              "ea9e60d6-52b3-454d-8144-3940a66e6a29",
              "2042e5f4-a895-4935-b6ca-cc722aa06677",
              "9ba92f88-02f9-4841-a5f8-f6c465b9b464",
              "564f0766-7ff9-41c3-9c90-f67ef052b9c9",
              "16a243ad-c172-4964-86f8-156ff2a0decc",
              "9075f712-2dba-435a-b503-615c3df9fe01",
              "1fdc4187-fb4c-44f5-a41e-f031e07c72ae",
              "6f81b155-6a86-42a7-8901-3431b4eca565",
              "2f83a0a6-2c37-4591-9778-5636996f30ee",
              "0e3c9e47-b6b2-425a-8085-c663ecaa4fff",
              "1491f6f3-93c2-45ff-824b-99ee1a319390",
              "5fa5d8ac-adbb-4ddb-aaca-eb0d80213059",
              "fb68b7b5-aecc-4373-bbf7-679767e428c1",
              "dc380c5f-febe-4f7b-ac95-c515ee38b818",
              "dd63258c-12eb-45b0-951d-8c98db0cb2b1",
              "a195ae2b-a347-4e82-bf16-0b051b629896",
              "2f8adce5-096e-4f36-b4a4-7ab44d3df158",
              "d41ac522-d7b3-418d-92d5-38d2f5384382",
              "57ab4dd3-d2df-4bb9-8cde-e5007daaa783",
              "a756e6c7-7787-4524-aaa6-aacfc4393b93",
              "228dd4a2-70d7-42d2-8bb1-e5ba3b2631ff",
              "9d65fe31-fb20-4ab0-b82d-41235e8d08b0",
              "91e11aa4-a72c-4ce8-a199-afe733db68d3",
              "662d6591-9cda-43e0-95d5-fad3a68c6560",
              "72af7ba0-bbb7-4576-b1bc-2485cde75591"
            ],
            "state": "active",
            "storage": "",
            "tags": null,
            "updated": "2019-08-05T22:45:30Z",
            "user_data": "#!/bin/bash\ncd /tmp\ncurl https://raw.githubusercontent.com/GNS3/gns3-server/master/scripts/remote-install.sh \u003e gns3-remote-install.sh\nbash gns3-remote-install.sh --with-openvpn --with-iou --with-i386-repository\nreboot"
          },
          "private": "bnVsbA=="
        }
      ]
    }
  ]
}
